
Microsoft Visual Studio Solution File, Format Version 12.00
# Visual Studio 15
VisualStudioVersion = 15.0.27703.2042
MinimumVisualStudioVersion = 10.0.40219.1
Project("{FAE04EC0-301F-11D3-BF4B-00C04F79EFBC}") = "EmployeeDetails", "EmployeeDetails\EmployeeDetails.csproj", "{2C464DA6-C8CE-4A04-918A-FD1037446067}"
EndProject
Global
	GlobalSection(SolutionConfigurationPlatforms) = preSolution
		Debug|Any CPU = Debug|Any CPU
		Release|Any CPU = Release|Any CPU
	EndGlobalSection
	GlobalSection(ProjectConfigurationPlatforms) = postSolution
		{2C464DA6-C8CE-4A04-918A-FD1037446067}.Debug|Any CPU.ActiveCfg = Debug|Any CPU
		{2C464DA6-C8CE-4A04-918A-FD1037446067}.Debug|Any CPU.Build.0 = Debug|Any CPU
		{2C464DA6-C8CE-4A04-918A-FD1037446067}.Release|Any CPU.ActiveCfg = Release|Any CPU
		{2C464DA6-C8CE-4A04-918A-FD1037446067}.Release|Any CPU.Build.0 = Release|Any CPU
	EndGlobalSection
	GlobalSection(SolutionProperties) = preSolution
		HideSolutionNode = FALSE
	EndGlobalSection
	GlobalSection(ExtensibilityGlobals) = postSolution
		SolutionGuid = {8A4AD386-08E3-488A-8803-49E12DFDC7BF}
	EndGlobalSection
EndGlobal
